
Microsoft Visual Studio Solution File, Format Version 12.00
# Visual Studio Version 16
VisualStudioVersion = 16.0.30204.135
MinimumVisualStudioVersion = 10.0.40219.1
Project("{FAE04EC0-301F-11D3-BF4B-00C04F79EFBC}") = "Automapper10ExpressionTests", "Automapper10ExpressionTests\Automapper10ExpressionTests.csproj", "{49A33686-5E77-4568-B797-3E37EA8398BB}"
EndProject
Global
	GlobalSection(SolutionConfigurationPlatforms) = preSolution
		Debug|Any CPU = Debug|Any CPU
		Release|Any CPU = Release|Any CPU
	EndGlobalSection
	GlobalSection(ProjectConfigurationPlatforms) = postSolution
		{49A33686-5E77-4568-B797-3E37EA8398BB}.Debug|Any CPU.ActiveCfg = Debug|Any CPU
		{49A33686-5E77-4568-B797-3E37EA8398BB}.Debug|Any CPU.Build.0 = Debug|Any CPU
		{49A33686-5E77-4568-B797-3E37EA8398BB}.Release|Any CPU.ActiveCfg = Release|Any CPU
		{49A33686-5E77-4568-B797-3E37EA8398BB}.Release|Any CPU.Build.0 = Release|Any CPU
	EndGlobalSection
	GlobalSection(SolutionProperties) = preSolution
		HideSolutionNode = FALSE
	EndGlobalSection
	GlobalSection(ExtensibilityGlobals) = postSolution
		SolutionGuid = {D114BCB1-FA89-4F1C-BF1E-1DAAEF5FDAEF}
	EndGlobalSection
EndGlobal
